
Microsoft Visual Studio Solution File, Format Version 12.00
# Visual Studio Version 17
VisualStudioVersion = 17.6.33801.468
MinimumVisualStudioVersion = 10.0.40219.1
Project("{9A19103F-16F7-4668-BE54-9A1E7A4F7556}") = "TestAssignment", "TestAssignment\TestAssignment.csproj", "{8CFBFD00-C667-4D73-8778-8BDB12E0D9DE}"
	ProjectSection(ProjectDependencies) = postProject
		{3CED2D6A-76A7-4A7E-A479-9E8EC51A0168} = {3CED2D6A-76A7-4A7E-A479-9E8EC51A0168}
	EndProjectSection
EndProject
Project("{9A19103F-16F7-4668-BE54-9A1E7A4F7556}") = "Application.Domain", "Application.Domain\Application.Domain.csproj", "{EE92F33F-B8FA-416D-9FED-1D9863F429AE}"
EndProject
Project("{9A19103F-16F7-4668-BE54-9A1E7A4F7556}") = "Application.Entityframeworkcore", "Application.Entityframeworkcore\Application.Entityframeworkcore.csproj", "{BC09BB4F-3842-4061-B266-14E54BFA59B3}"
EndProject
Project("{9A19103F-16F7-4668-BE54-9A1E7A4F7556}") = "Application.DTO", "Application.DTO\Application.DTO.csproj", "{3CED2D6A-76A7-4A7E-A479-9E8EC51A0168}"
	ProjectSection(ProjectDependencies) = postProject
		{EE92F33F-B8FA-416D-9FED-1D9863F429AE} = {EE92F33F-B8FA-416D-9FED-1D9863F429AE}
	EndProjectSection
EndProject
Global
	GlobalSection(SolutionConfigurationPlatforms) = preSolution
		Debug|Any CPU = Debug|Any CPU
		Release|Any CPU = Release|Any CPU
	EndGlobalSection
	GlobalSection(ProjectConfigurationPlatforms) = postSolution
		{8CFBFD00-C667-4D73-8778-8BDB12E0D9DE}.Debug|Any CPU.ActiveCfg = Debug|Any CPU
		{8CFBFD00-C667-4D73-8778-8BDB12E0D9DE}.Debug|Any CPU.Build.0 = Debug|Any CPU
		{8CFBFD00-C667-4D73-8778-8BDB12E0D9DE}.Release|Any CPU.ActiveCfg = Release|Any CPU
		{8CFBFD00-C667-4D73-8778-8BDB12E0D9DE}.Release|Any CPU.Build.0 = Release|Any CPU
		{EE92F33F-B8FA-416D-9FED-1D9863F429AE}.Debug|Any CPU.ActiveCfg = Debug|Any CPU
		{EE92F33F-B8FA-416D-9FED-1D9863F429AE}.Debug|Any CPU.Build.0 = Debug|Any CPU
		{EE92F33F-B8FA-416D-9FED-1D9863F429AE}.Release|Any CPU.ActiveCfg = Release|Any CPU
		{EE92F33F-B8FA-416D-9FED-1D9863F429AE}.Release|Any CPU.Build.0 = Release|Any CPU
		{BC09BB4F-3842-4061-B266-14E54BFA59B3}.Debug|Any CPU.ActiveCfg = Debug|Any CPU
		{BC09BB4F-3842-4061-B266-14E54BFA59B3}.Debug|Any CPU.Build.0 = Debug|Any CPU
		{BC09BB4F-3842-4061-B266-14E54BFA59B3}.Release|Any CPU.ActiveCfg = Release|Any CPU
		{BC09BB4F-3842-4061-B266-14E54BFA59B3}.Release|Any CPU.Build.0 = Release|Any CPU
		{3CED2D6A-76A7-4A7E-A479-9E8EC51A0168}.Debug|Any CPU.ActiveCfg = Debug|Any CPU
		{3CED2D6A-76A7-4A7E-A479-9E8EC51A0168}.Debug|Any CPU.Build.0 = Debug|Any CPU
		{3CED2D6A-76A7-4A7E-A479-9E8EC51A0168}.Release|Any CPU.ActiveCfg = Release|Any CPU
		{3CED2D6A-76A7-4A7E-A479-9E8EC51A0168}.Release|Any CPU.Build.0 = Release|Any CPU
	EndGlobalSection
	GlobalSection(SolutionProperties) = preSolution
		HideSolutionNode = FALSE
	EndGlobalSection
	GlobalSection(ExtensibilityGlobals) = postSolution
		SolutionGuid = {8503BFA2-32A1-4AC7-BDED-63C9454720E2}
	EndGlobalSection
EndGlobal
